{
  "lockfileVersion": 2,
  "configVersion": 1,
  "workspaces": {
    "": {
      "name": "nitrotemplate",
      "dependencies": {
        "nitro": "^3.0.260903-beta",
        "nitro-mcp-toolkit": "^0.4.0",
        "zod": "^4.6.5",
      },
      "devDependencies": {
        "@commitlint/cli": "^21.2.3",
        "@commitlint/config-conventional": "^21.2.3",
        "@dotenvx/dotenvx": "^2.33.0",
        "@types/bun": "^1.4.2",
        "husky": "^9.1.7",
        "oxfmt": "^0.72.0",
        "oxlint": "^1.87.0",
        "typescript": "^7.0.2",
      },
    },
  },
  "packages": {
    "@babel/code-frame": ["@babel/code-frame@7.29.7", "", { "dependencies": { "@babel/helper-validator-identifier": "^7.29.7", "js-tokens": "^4.0.0", "picocolors": "^1.1.1" } }, "sha512-Aup7aUOfpbAUg2ROOJN6Iw5f9DMBlzu0mIkm/malLQFN/YQgO48wCj0Kxa3sEHJvPVFg7siR+qRInwXd2qhQKw=="],

    "@babel/helper-validator-identifier": ["@babel/helper-validator-identifier@7.29.7", "", {}, "sha512-qehxGkRj55h/ff8EMaJ+cYhyaKlHIxqYDn682wQD7RNp9UujOQsHog2uS0r2vzr4pW+sXf90NeeayjcNaX3fFg=="],

    "@commitlint/cli": ["@commitlint/cli@21.2.3", "", { "dependencies": { "@commitlint/config-conventional": "^21.2.3", "@commitlint/format": "^21.2.3", "@commitlint/lint": "^21.2.3", "@commitlint/load": "^21.2.3", "@commitlint/read": "^21.2.3", "@commitlint/types": "^21.2.3", "tinyexec": "^1.0.0", "yargs": "^18.0.0" }, "bin": { "commitlint": "cli.js" } }, "sha512-5yOX6IRjcrIReCxpyAd04hgI/yhUMpVBJ/ouwFV0wk9yx5+fYRDWZWJ5h55Tbedgfol+5m2mU5nqzbB8g3v0vQ=="],

    "@commitlint/config-conventional": ["@commitlint/config-conventional@21.2.3", "", { "dependencies": { "@commitlint/types": "^21.2.3", "conventional-changelog-conventionalcommits": "^10.0.0" } }, "sha512-EP2n5DN2GwRWNVrLX0Jx3mpQlW5PfFi9HnD9OJ8hN/H0xFqpCFyHeGDhg+0P8/21iMMcdkcQgbNqmVklebqYsQ=="],

    "@commitlint/config-validator": ["@commitlint/config-validator@21.2.3", "", { "dependencies": { "@commitlint/types": "^21.2.3", "ajv": "^8.11.0" } }, "sha512-JQ13v0GafSM4fBYX8UowSy++07Was20auq0NcTdnzSEq6/05Cq5GBUMIfKkqjzyBwC9sJFmPpKWgLLhH7cygkw=="],

    "@commitlint/ensure": ["@commitlint/ensure@21.2.3", "", { "dependencies": { "@commitlint/types": "^21.2.3", "es-toolkit": "^1.46.0" } }, "sha512-gEjNKgRocbODI5/sMx2Qc9XOf2/zFTNV2aEK1QZ4gKDKxDC/VR7us3QtIX1C5d5xxHxx0I/tEbYbdSP1Am2LwA=="],

    "@commitlint/execute-rule": ["@commitlint/execute-rule@21.0.1", "", {}, "sha512-RifH+FmImozKBE6mozhF4K3r2RRKP7SMi/Q/zLCmExtp5e05lhHOUYqGBlFBAGNHaZxU/WYw1XuugYK9jQzqnA=="],

    "@commitlint/format": ["@commitlint/format@21.2.3", "", { "dependencies": { "@commitlint/types": "^21.2.3", "picocolors": "^1.1.1" } }, "sha512-KKwCjXYqA8r295uhLnulDXL9yekdXmj2yp2Q0XsBPhxQ2iPuvRE8F43j7g7yexo69wTdmUQmFz15jpderluzUQ=="],

    "@commitlint/is-ignored": ["@commitlint/is-ignored@21.2.3", "", { "dependencies": { "@commitlint/types": "^21.2.3", "semver": "^7.6.0" } }, "sha512-Ng4nRj/LBAOvc+GQu7bsFW4/fL89LvZ14OOC/ERLbUpnG6QBwWRzY/1oXGwPs3C8YHWjJObin4kLYo2YeEn70w=="],

    "@commitlint/lint": ["@commitlint/lint@21.2.3", "", { "dependencies": { "@commitlint/is-ignored": "^21.2.3", "@commitlint/parse": "^21.2.3", "@commitlint/rules": "^21.2.3", "@commitlint/types": "^21.2.3" } }, "sha512-lUZcSuVLLEDkhge9ERk8Rp+FXQtrUhCK+h328BFnzKXrTuXGdqiYMEpTlNWdZaOrjyMhMJaz354ZaWEGJxcLeg=="],

    "@commitlint/load": ["@commitlint/load@21.2.3", "", { "dependencies": { "@commitlint/config-validator": "^21.2.3", "@commitlint/execute-rule": "^21.0.1", "@commitlint/resolve-extends": "^21.2.3", "@commitlint/types": "^21.2.3", "cosmiconfig": "^9.0.1", "cosmiconfig-typescript-loader": "^6.1.0", "es-toolkit": "^1.46.0", "is-plain-obj": "^4.1.0", "picocolors": "^1.1.1" } }, "sha512-cDrL8lOo23Lk7knGzQdjbFcq7z2JgvjwV6PhbESVvEc+Fe21MeLjPKBJi8nKjg7j+jh79CVbVSUbZc104thXRw=="],

    "@commitlint/message": ["@commitlint/message@21.2.0", "", {}, "sha512-YxGoiXD/HXNXLJPrQwE5poXa+XH0CBEm+mdvbHQP0g6MV/dmJyUFCzPNzZbxL93GvZ70TmtTK0Z0/IBpAqHv8g=="],

    "@commitlint/parse": ["@commitlint/parse@21.2.3", "", { "dependencies": { "@commitlint/types": "^21.2.3", "conventional-changelog-angular": "^9.0.0", "conventional-commits-parser": "^7.0.0" } }, "sha512-Jt61QpF1xA88damCELe8I0FlDZPSpXNc8IhN7z5kZ0EcDYPjdZ+ZHPvsSXl69r2MIlLnNKeHhOn2cmVpziFE9w=="],

    "@commitlint/read": ["@commitlint/read@21.2.3", "", { "dependencies": { "@commitlint/top-level": "^21.2.0", "@commitlint/types": "^21.2.3", "@conventional-changelog/git-client": "^3.0.0", "tinyexec": "^1.0.0" } }, "sha512-szAepuLA1vTTr7fuudEg7jYyVHudf+FH+vptU91bhxE1WnE8TKrfTAi44HVllz8XpI8Pvp4GjR/iP5Nshgh+og=="],

    "@commitlint/resolve-extends": ["@commitlint/resolve-extends@21.2.3", "", { "dependencies": { "@commitlint/config-validator": "^21.2.3", "@commitlint/types": "^21.2.3", "es-toolkit": "^1.46.0", "global-directory": "^5.0.0", "resolve-from": "^5.0.0" } }, "sha512-bqJdmAtXgAQel+l02uIsF7rHgKgx1AGZdGBjam7uK4XW54ZAQtB6XAIUXezYprQiCcRMpBh4fHs5JodXK4mVZA=="],

    "@commitlint/rules": ["@commitlint/rules@21.2.3", "", { "dependencies": { "@commitlint/ensure": "^21.2.3", "@commitlint/message": "^21.2.0", "@commitlint/to-lines": "^21.0.1", "@commitlint/types": "^21.2.3" } }, "sha512-5+YnI/LuTx3JDl9GjqfP2z9x96M8KKDrd+4jOel/T0L1BB3oAmBlSN8xppf63QsudiVEgR8C0gRoAMrPVrms6g=="],

    "@commitlint/to-lines": ["@commitlint/to-lines@21.0.1", "", {}, "sha512-bd1BFII7p1EQZre9Kaj+kKaMFP3cFCdt21K7DItVux9XP5WjLgJ0/Uy1pJJh9aPwVJ6SKg62PxqlZaHI8hQAXw=="],

    "@commitlint/top-level": ["@commitlint/top-level@21.2.0", "", { "dependencies": { "escalade": "^3.2.0" } }, "sha512-Y5gmQ+KxzqCrBFJfLvFEPvvwD3LDiNZoTT2yeFBm96M8qhmqSzQc5DvX3rheAaAMjyIvMXOCLS/mWfdpONsjyQ=="],

    "@commitlint/types": ["@commitlint/types@21.2.3", "", { "dependencies": { "conventional-commits-parser": "^7.0.0", "picocolors": "^1.1.1" } }, "sha512-sGEA473TlCvhCGNoTBY9OXZVWdscIXdGt0dm8EpB+2MRfmt8LNh/X56P/T3nCtEB+eH5qGEa3odphSAoUxSfSQ=="],

    "@conventional-changelog/git-client": ["@conventional-changelog/git-client@3.2.0", "", { "dependencies": { "@simple-libs/child-process-utils": "^2.0.0", "@simple-libs/stream-utils": "^2.0.0", "verkit": "^0.5.0" }, "peerDependencies": { "conventional-commits-filter": "^6.0.1", "conventional-commits-parser": "^7.1.3" }, "optionalPeers": ["conventional-commits-filter", "conventional-commits-parser"] }, "sha512-sD/E0vzpkoDz/dqM1Hhv0ihC4KBw6RXjefeO8SG1XrX+wGkMxe1pKeedkKDPCtr2JjuhbuS9aJNgOvnT8hbeBw=="],

    "@conventional-changelog/template": ["@conventional-changelog/template@1.4.0", "", {}, "sha512-aalGyl7dbB5PArRebDIX43ZvBlXrYm9uWzGJ26t+4SzJVPsOuvfILGGbw5X4yX7i50YEmJ8zvbiWnqH/AAnZqg=="],

    "@dotenvx/dotenvx": ["@dotenvx/dotenvx@2.33.0", "", { "dependencies": { "@dotenvx/primitives": "^3.1.0", "@dotenvx/tooling": "^1.0.3", "global-agent": "^3.0.0", "undici": "^6.28.1", "yocto-spinner": "^1.2.1" }, "bin": { "dx": "src/cli/dotenvx.js", "dotenvx": "src/cli/dotenvx.js" } }, "sha512-rAtmpABkSB1yfdXqX16Ftb0cF7rQ/n48p0XiN9wXL228ORXqxXe8giRxRYZpTxgzGn20ZQgiYOYxGjg+tpkjmQ=="],

    "@dotenvx/primitives": ["@dotenvx/primitives@3.2.0", "", {}, "sha512-px2WzvbSkHETxfNNQz6TxEPv4kBStrlo0sqVkWqvJ22o26/uEInZDR05zWzS5yX95QxLjzGKTXtExeHFYBU7/w=="],

    "@dotenvx/tooling": ["@dotenvx/tooling@1.0.4", "", {}, "sha512-6XEZcRDYyszp/uneJ4MhCgTsdpGF3iajG2cKQ/STIUVKbTZkOSMNYU0xXT/fok4w4M/V36/wBHz/sUrXTX9lhg=="],

    "@oxc-project/types": ["@oxc-project/types@0.152.0", "", {}, "sha512-oM/5rLBm2tPkg0iBgkH/FOeR3PCDpY19GTgAZjMFM8h9WI9VW7cLgzp6nwtarYKmovavIQZ+Fe/RKX/8C8O/Rw=="],

    "@oxfmt/binding-android-arm-eabi": ["@oxfmt/binding-android-arm-eabi@0.72.0", "", { "os": "android", "cpu": "arm" }, "sha512-u4U1uaDOVBuorGNC/07NLm48nECHOiJJka002YGML16Md2DRvf38RGBt01lH60EOGvNlFVmbLoksQedNBoZHKw=="],

    "@oxfmt/binding-android-arm64": ["@oxfmt/binding-android-arm64@0.72.0", "", { "os": "android", "cpu": "arm64" }, "sha512-GCnM+Ae2mWOKC+92y3FOb6eZJeVnBAVz82e3lITUUg+kxukYKzBNAvJ/hhHIfa2A0md55SYYhdWPddSSy3KPVA=="],

    "@oxfmt/binding-darwin-arm64": ["@oxfmt/binding-darwin-arm64@0.72.0", "", { "os": "darwin", "cpu": "arm64" }, "sha512-LjQ8tlevdtwraFlWC6AnQ1Forzde0clRmnsP3QmK+ydSElDt/J+5Jc+m+//Ly1G97aP7WCNUw110QMIUw2K7xA=="],

    "@oxfmt/binding-darwin-x64": ["@oxfmt/binding-darwin-x64@0.72.0", "", { "os": "darwin", "cpu": "x64" }, "sha512-+ZbcxhB1C34RQR5IldSyY6Z/yalJIxHXhP36PGE4sEq0f/lgL5jCLmOKoDeVm8dqd9gFGDsd1bNWHSGCAwdSkw=="],

    "@oxfmt/binding-freebsd-x64": ["@oxfmt/binding-freebsd-x64@0.72.0", "", { "os": "freebsd", "cpu": "x64" }, "sha512-yGPhA8sePEBFV9iGcprhyOk3Bz3fZshswMH3DpYIPZFLT1DG5LjiZ0j6AJQpSueaL6bUK0av1K+5+fe+ldy5EQ=="],

    "@oxfmt/binding-linux-arm-gnueabihf": ["@oxfmt/binding-linux-arm-gnueabihf@0.72.0", "", { "os": "linux", "cpu": "arm" }, "sha512-/g5axuqFMcAtoQrFLR5EJEMDjR5Ea4GuzpdDmMpPWAgrF1DmL4kD1NPNVlpXEOxpFJnD6lPvLKYj1lzdlrfifA=="],

    "@oxfmt/binding-linux-arm-musleabihf": ["@oxfmt/binding-linux-arm-musleabihf@0.72.0", "", { "os": "linux", "cpu": "arm" }, "sha512-InVitdHbS09PM+w+WinIiyX37rC9R3L7lUP9mKy9uKTEDSUFaLjWsLoreRIxKivnv7Ndqc6Trvi+K+b6ZzhiJg=="],

    "@oxfmt/binding-linux-arm64-gnu": ["@oxfmt/binding-linux-arm64-gnu@0.72.0", "", { "os": "linux", "cpu": "arm64" }, "sha512-WKjlyRAxpPjXoqeuwFBim5LscgvY+RNEiZ971C9JlRQZONhJTsXDki/oHFYQE+fzzRpzXh3owZvOdT3kNL2g+g=="],

    "@oxfmt/binding-linux-arm64-musl": ["@oxfmt/binding-linux-arm64-musl@0.72.0", "", { "os": "linux", "cpu": "arm64" }, "sha512-poafnbsPpJhR+5Mbwpf8CscugTyiRAzjTOxRVn8ra3X2jnURs2xL5Du2xl5g2iW85lICMglpmLf8jDjZEbNgzQ=="],

    "@oxfmt/binding-linux-ppc64-gnu": ["@oxfmt/binding-linux-ppc64-gnu@0.72.0", "", { "os": "linux", "cpu": "ppc64" }, "sha512-zNUi0gKRsO7S3IfPzsTbnm88OedPuX32hmZFWZRWHvWJlAoZRwVbeO6Nb3hng4vDgL7qUKp4TGqzPz1mhsycYg=="],

    "@oxfmt/binding-linux-riscv64-gnu": ["@oxfmt/binding-linux-riscv64-gnu@0.72.0", "", { "os": "linux", "cpu": "none" }, "sha512-qTY7z/iyF/rWI2HWwWMevXqZW5PZUOofUy2afK7v6rseXnpld3yjgyIk6pCux3DqWQ0lB+f5atvLJNBwzLvFsw=="],

    "@oxfmt/binding-linux-riscv64-musl": ["@oxfmt/binding-linux-riscv64-musl@0.72.0", "", { "os": "linux", "cpu": "none" }, "sha512-w18qfo8vEMD6EKEHtzTvjc6jH8yCyXIT1Bn7PFWJd0PpZyzH/VQDx4xvjCh0LGz6GRzqiezbisTdG9AoXtpkZQ=="],

    "@oxfmt/binding-linux-s390x-gnu": ["@oxfmt/binding-linux-s390x-gnu@0.72.0", "", { "os": "linux", "cpu": "s390x" }, "sha512-grW8HwEir+vK7fCcq1ZgL3NHQCfZ1PidiERE9Hbf+24xGys+DoDaoqTht4ccfn0PcBwbViLkwkda/KNpJu2KRQ=="],

    "@oxfmt/binding-linux-x64-gnu": ["@oxfmt/binding-linux-x64-gnu@0.72.0", "", { "os": "linux", "cpu": "x64" }, "sha512-wQJRQfWBRIn88Pkr449EUViwRayrYUScg7ty+Ihiem21mQ9BUA6S9e/4RAgyNk9lMag0KBouyKskjq61rOC0WQ=="],

    "@oxfmt/binding-linux-x64-musl": ["@oxfmt/binding-linux-x64-musl@0.72.0", "", { "os": "linux", "cpu": "x64" }, "sha512-T1B0uQzafxuGPjjaPrZJ497nxoi1BiI65JfsYc56nNpmev3msfb/iaTmH2kQuNFqa8PKxpMlf3GhWrWBvBPORQ=="],

    "@oxfmt/binding-openharmony-arm64": ["@oxfmt/binding-openharmony-arm64@0.72.0", "", { "os": "none", "cpu": "arm64" }, "sha512-OKxxgTurl7+hypVplO8QRAbbQlwEs0j1Y6FZv+ZN2qNbdxQk2muMlzuJNBGTCWwxQ0rkkOD1uK/DW1fvzoUSJA=="],

    "@oxfmt/binding-win32-arm64-msvc": ["@oxfmt/binding-win32-arm64-msvc@0.72.0", "", { "os": "win32", "cpu": "arm64" }, "sha512-L78TKzURqvjuZOCo88ixMbPXf/RP7u31Y0cmjJ/KEmrHmfYhmhEvsDaTYPiyTRne64jUgCbADfY0YeoQk4/Xyw=="],

    "@oxfmt/binding-win32-ia32-msvc": ["@oxfmt/binding-win32-ia32-msvc@0.72.0", "", { "os": "win32", "cpu": "ia32" }, "sha512-gQtFW+Ii8BWgtJTAD17TY/WsdNS5gUfAPov8iI1jeq4r9lRRYImmxPL08UU00/RLaCfBJwh2UgINnDY0iOiZ+A=="],

    "@oxfmt/binding-win32-x64-msvc": ["@oxfmt/binding-win32-x64-msvc@0.72.0", "", { "os": "win32", "cpu": "x64" }, "sha512-uhooIN+DCzWX5uH7mQkSVCsODqsGluGJ4n3ch4+mITtWKpESMDjUJUSDBAVFuYQDwqY2McPDKdKJbM0oZVW/Qw=="],

    "@oxlint/binding-android-arm-eabi": ["@oxlint/binding-android-arm-eabi@1.87.0", "", { "os": "android", "cpu": "arm" }, "sha512-22tVIHlB9898OYsBKmYB6He1MCSqdTmK1BVWuSNUTVrpS0KWNege+U9uEYqGJ+KatQag0r/oU44i3OOs46z7HQ=="],

    "@oxlint/binding-android-arm64": ["@oxlint/binding-android-arm64@1.87.0", "", { "os": "android", "cpu": "arm64" }, "sha512-JfZQ3MWf74n8ov0DojZpkOduIubYJvZL5tbTMMhDutsal6u1xH1QuNpN+lK+EQwF8AeAfgwTR2fgh5U2br27XA=="],

    "@oxlint/binding-darwin-arm64": ["@oxlint/binding-darwin-arm64@1.87.0", "", { "os": "darwin", "cpu": "arm64" }, "sha512-rkx6Xvvw93z2GImVOyvbZwAZcoY0Z6MJW177XNsSB+i/CBsH7ANyelTp01VZyIkM3iSXtqKVb4+ptBgPHap5pQ=="],

    "@oxlint/binding-darwin-x64": ["@oxlint/binding-darwin-x64@1.87.0", "", { "os": "darwin", "cpu": "x64" }, "sha512-cw5nYw7L/pQ2SgGBgOcg/Qo89llQre3vIc/kuBLhSICzu1r5s8L76H3ug6AIFsD98WpROj8/z5JVzkf4daxHaQ=="],

    "@oxlint/binding-freebsd-x64": ["@oxlint/binding-freebsd-x64@1.87.0", "", { "os": "freebsd", "cpu": "x64" }, "sha512-x/SuznE6loRZK9gz9AS4ZmzNzSu+5KdeoCS+sVHhnrE8HM6AD8UyTjwldQTTqlXGvkwHASgB0NiTNOc3o3PdAg=="],

    "@oxlint/binding-linux-arm-gnueabihf": ["@oxlint/binding-linux-arm-gnueabihf@1.87.0", "", { "os": "linux", "cpu": "arm" }, "sha512-+JEDmCAXiiFmKhAjZhgAOwaHWY6WENOQ5QA+lFuY59tgsUCDOTRi46B+lENK6CWvtxsXpwkZXNOgpjAQcpIpnA=="],

    "@oxlint/binding-linux-arm-musleabihf": ["@oxlint/binding-linux-arm-musleabihf@1.87.0", "", { "os": "linux", "cpu": "arm" }, "sha512-/uC9XqXLAC9AHFLNycwmSQEvKqGrOCgU+uXALI7gNW0DG81TJ/3T2eHnKdRvcb5R1gFEfjxDwI4e4zIa29rICQ=="],

    "@oxlint/binding-linux-arm64-gnu": ["@oxlint/binding-linux-arm64-gnu@1.87.0", "", { "os": "linux", "cpu": "arm64" }, "sha512-FTRYPsBy/M728vnUv7l+KAwSAa3Qi4BQbhVvy7NYuMTZ0sUa/OWsbMx79HVFw6u/5KWcaYayDsoOiv7xbevzDg=="],

    "@oxlint/binding-linux-arm64-musl": ["@oxlint/binding-linux-arm64-musl@1.87.0", "", { "os": "linux", "cpu": "arm64" }, "sha512-6sC+N7IY0h1egd8SrYUGNN7CUyKJZ4bIZakKa7V7hfinf4jfi8Kq4+klJvFp5DqXcwMn44I5MeBwmJluO1odFg=="],

    "@oxlint/binding-linux-ppc64-gnu": ["@oxlint/binding-linux-ppc64-gnu@1.87.0", "", { "os": "linux", "cpu": "ppc64" }, "sha512-d5Mnn+ICbhoJPi37Ccjy+86T5qfH2+mSTrTMBXNPfB+wqSWOayBBLLIrCXdUy1YssluCVdGkl+DO9w5r5ODmUA=="],

    "@oxlint/binding-linux-riscv64-gnu": ["@oxlint/binding-linux-riscv64-gnu@1.87.0", "", { "os": "linux", "cpu": "none" }, "sha512-sf5YWuUo1Dx9loqWCgF8P278MycfcD4JHjDC/LV5j11L3Lqa4PFiwCjD6B8kP4AjsgZZkLn3xbpJEtZBaccs4Q=="],

    "@oxlint/binding-linux-riscv64-musl": ["@oxlint/binding-linux-riscv64-musl@1.87.0", "", { "os": "linux", "cpu": "none" }, "sha512-+aCraYbmK3uU3P0rFojjeaK9pGY6JvBDXh/0CM+gPyWKmNmXmnFe0qj4qj02U4ibFpbd9Pa9CmDvIdjJUd29rA=="],

    "@oxlint/binding-linux-s390x-gnu": ["@oxlint/binding-linux-s390x-gnu@1.87.0", "", { "os": "linux", "cpu": "s390x" }, "sha512-7rzbZQIljo6VLWVPqUyLa2P/WV3VFsJB4M52R4NCUJn1A50yjtUsHxiMHFL9opEKGFIiTbZ3VQzmtcJOPUq4NQ=="],

    "@oxlint/binding-linux-x64-gnu": ["@oxlint/binding-linux-x64-gnu@1.87.0", "", { "os": "linux", "cpu": "x64" }, "sha512-Dry46Fa+AXE/xt9J/YriujU1pU9mzfNWHGQwtOYibAFH8HLrKWCi93AhIGnuUMiwn2JbuBkRyz51f50Ly4r4ow=="],

    "@oxlint/binding-linux-x64-musl": ["@oxlint/binding-linux-x64-musl@1.87.0", "", { "os": "linux", "cpu": "x64" }, "sha512-f/HMZez74gJvnRpGz+b5sdGyWrEgRLmFTXg9sNoqjPWogGxYHUhXKTKyMiYsu9rUGR2ciYqL3fk+Ua4JhMJbRA=="],

    "@oxlint/binding-openharmony-arm64": ["@oxlint/binding-openharmony-arm64@1.87.0", "", { "os": "none", "cpu": "arm64" }, "sha512-lEC6ZfPZm/07JlB7FsOWX9o1RiHlXiBW594LSUGuXmekC8LZmvUPP9XzE2WZcNxJi5cHA/Fw56o02c3JxgMA5g=="],

    "@oxlint/binding-win32-arm64-msvc": ["@oxlint/binding-win32-arm64-msvc@1.87.0", "", { "os": "win32", "cpu": "arm64" }, "sha512-afBWKOD36dUiA9AenaiWpCg8xfyUVPYznyAAVXu413brK4RA5UI/Xoc4yfeGIT8G1a44MV+JR7hioryerBDzGQ=="],

    "@oxlint/binding-win32-ia32-msvc": ["@oxlint/binding-win32-ia32-msvc@1.87.0", "", { "os": "win32", "cpu": "ia32" }, "sha512-daptNsEOuru4/nJTxV4DBHNJ5GepzmaBVQf+jjgKQGi9NRlZKik+RFq4hUL7ewsF1pwjKM+SkYaMbF82UwFGnw=="],

    "@oxlint/binding-win32-x64-msvc": ["@oxlint/binding-win32-x64-msvc@1.87.0", "", { "os": "win32", "cpu": "x64" }, "sha512-k+m/EShyXE29J/r1fjk0HlAzhN5JhIvj044oSJkXTEkCLrWZQgXb/3r4q5LTw/eaKW/4GuMXG2xmiJs3s5rPNw=="],

    "@rolldown/binding-android-arm-eabi": ["@rolldown/binding-android-arm-eabi@1.2.12", "", { "os": "android", "cpu": "arm" }, "sha512-dB/a1214qKfHMXCpgqR4OZT+jS4kTyEXbQGJPqzobt5EwH5rX080pxE37alt3RzvR1bf1Yz/yGqRfrYAxuPw0A=="],

    "@rolldown/binding-android-arm64": ["@rolldown/binding-android-arm64@1.2.12", "", { "os": "android", "cpu": "arm64" }, "sha512-7KHFgQ5VJxIHcLlrwrc3Xbds7oTNQT7Pgi9gQCJKrd2VGab/UksIOYp6VD8MzCstGxOKMgNamPwUCfxPdP1OHg=="],

    "@rolldown/binding-darwin-arm64": ["@rolldown/binding-darwin-arm64@1.2.12", "", { "os": "darwin", "cpu": "arm64" }, "sha512-3YIhqHD96nA5SaYNRBR16HnGv4oavZvXfD/ayHM+oYZ0WD/8lBAtf6zQua4kEyAvpqrluKXl0lnOBoiNby7x9w=="],

    "@rolldown/binding-darwin-x64": ["@rolldown/binding-darwin-x64@1.2.12", "", { "os": "darwin", "cpu": "x64" }, "sha512-UuuJ35MFw4gmFOrE9pEqIV+K3syIKveph+Qc1/ljHZVdoDW4pz/JHR/eMVom+TZGl/5OOvGJOWaOCVt3ZfqhxA=="],

    "@rolldown/binding-freebsd-x64": ["@rolldown/binding-freebsd-x64@1.2.12", "", { "os": "freebsd", "cpu": "x64" }, "sha512-uMvssit0a4W+/7D8CbHUvG719mH3R2jwXAlh/XcPvuHTE0g++LymF88DCGNX0HM2rBOn0xrzgXktIB6fLSJBTQ=="],

    "@rolldown/binding-linux-arm-gnueabihf": ["@rolldown/binding-linux-arm-gnueabihf@1.2.12", "", { "os": "linux", "cpu": "arm" }, "sha512-XcFu0R0xWnwzSf4IQgFH1rJIckPN1pLy2R+4r9IDB7Yfu/ys9cVqfa4pBrMHj7a3gl8mIR4nRNPg0e5IvEVs6g=="],

    "@rolldown/binding-linux-arm64-gnu": ["@rolldown/binding-linux-arm64-gnu@1.2.12", "", { "os": "linux", "cpu": "arm64" }, "sha512-260UrKgn8tz39ak+SMDOirKzr7V04M9dWPw5llW00SwBivCZoWcRBKV1d8cXnRkUmSZA3BdiUmBHWk7734Ulpw=="],

    "@rolldown/binding-linux-arm64-musl": ["@rolldown/binding-linux-arm64-musl@1.2.12", "", { "os": "linux", "cpu": "arm64" }, "sha512-5YK1I9SqDkbPgc1IA8BgDl34suqUS2q0KWnBrirm0E51YjOs6eo6dV6jbQfNE/argHRSvd0QUGgtpIoYx+WWpw=="],

    "@rolldown/binding-linux-ppc64-gnu": ["@rolldown/binding-linux-ppc64-gnu@1.2.12", "", { "os": "linux", "cpu": "ppc64" }, "sha512-Rkcrmp7eFRg74yL5fXEU91JEWbdEPLevWwGtXpmhbjlD1StScbWTmO94Bhly+Mo+ketKYkdmM1vNUKeWSlx8cQ=="],

    "@rolldown/binding-linux-s390x-gnu": ["@rolldown/binding-linux-s390x-gnu@1.2.12", "", { "os": "linux", "cpu": "s390x" }, "sha512-qvK4DuAsQc2BSjlx+Xr+IzOIvvxbGZqxFwdWfG6F518Erj0GGISyQbJ6pIappnOxlNPzNHvo/L0BwB30GZ+zVw=="],

    "@rolldown/binding-linux-x64-gnu": ["@rolldown/binding-linux-x64-gnu@1.2.12", "", { "os": "linux", "cpu": "x64" }, "sha512-Q9uLBO53Xd4QIq1WOycVQyPP1O4HhraEV2qqb3uTrnVw6QZih9duY4vNXOivL1xoUS1/z+W8eF4NMfl2a8Sdjw=="],

    "@rolldown/binding-linux-x64-musl": ["@rolldown/binding-linux-x64-musl@1.2.12", "", { "os": "linux", "cpu": "x64" }, "sha512-3IBxWFMjbOZskDPKv8Lf9BCnahlKuHthWkYnyIxOH/QcJrFcS4EmcenthApkwr/5+nEqZlLzeYbxeMaX7A5u4g=="],

    "@rolldown/binding-openharmony-arm64": ["@rolldown/binding-openharmony-arm64@1.2.12", "", { "os": "none", "cpu": "arm64" }, "sha512-xtX61xg4LKPkPWilZU1ynKClz5Gj4bf74LML4r3eVLWumKnGjoEr1OSHQhMdbBDoYTi+yjrujvpZe2pUnqCrrA=="],

    "@rolldown/binding-win32-arm64-msvc": ["@rolldown/binding-win32-arm64-msvc@1.2.12", "", { "os": "win32", "cpu": "arm64" }, "sha512-At7fPB6PCaIjzgIhEZFxuT+BBFqiQibJDT4d3PhiR3f4E7bbMZF4aKblbFfEM3sETRDd1YiQx/+U/g/B/ou5Ew=="],

    "@rolldown/binding-win32-x64-msvc": ["@rolldown/binding-win32-x64-msvc@1.2.12", "", { "os": "win32", "cpu": "x64" }, "sha512-WIw2haVKwjuYdXkHaoC0mF8Le71TuCBxjrdKqLbJGctbBABj+ClfmNvtbOnzpq3RokNo5+V1qhtSzJyXorsklQ=="],

    "@rolldown/pluginutils": ["@rolldown/pluginutils@1.0.1", "", {}, "sha512-2j9bGt5Jh8hj+vPtgzPtl72j0yRxHAyumoo6TNfAjsLB04UtpSvPbPcDcBMxz7n+9CYB0c1GxQFxYRg2jimqGw=="],

    "@simple-libs/child-process-utils": ["@simple-libs/child-process-utils@2.0.0", "", { "dependencies": { "@simple-libs/stream-utils": "^2.0.0" } }, "sha512-dvNoRKLijXnD0XoJAz94pbNuB5GQgDr55UhpSPhffDkTT0Cmcqh9jSCOtwfT2d4H6MI9E7c4SgtMuJXZ6F3c6A=="],

    "@simple-libs/stream-utils": ["@simple-libs/stream-utils@2.0.0", "", {}, "sha512-fCTuZK4QBa+39Oz9l4OGfJfz+GpwCp3AqO7Zch3to99xHPgstVsRFpeQ8LNd2o1Gv8raL2mCFwiaHh7bFSp5DQ=="],

    "@types/bun": ["@types/bun@1.4.2", "", { "dependencies": { "bun-types": "1.4.2" } }, "sha512-GimotNn7+ZV0uVArItBbriZsR1oNf0+WTzPkdcFrzShI7k2norL0uzEaJT8T33dWr7O/c9ZDuAFQrctKCi72oQ=="],

    "@types/node": ["@types/node@26.6.4", "", { "dependencies": { "undici-types": "~8.9.0" } }, "sha512-ldVPDCzj7fsaGZrLB0NuHuTvJcsNasysBAqMolr/cgxrLd1xbqxIr3XJiPnHHJUCxj5sNF1vnRj9aWnrVh5Jcg=="],

    "@typescript/typescript-aix-ppc64": ["@typescript/typescript-aix-ppc64@7.0.2", "", { "os": "aix", "cpu": "ppc64" }, "sha512-MTKKkWB7p/0E9xi1d1tHtZ5PiLkGEMIq88pK2CubZjOsLtYTLqhgIgi6zepFa+9GHZ6h05NMCkQxGKiPXMxXtQ=="],

    "@typescript/typescript-darwin-arm64": ["@typescript/typescript-darwin-arm64@7.0.2", "", { "os": "darwin", "cpu": "arm64" }, "sha512-gowzar9MwS/aRWp6f3a4KUqzRjAZjOsmGNCM6LcTgXum+dBfgsBVMN+AgvOCCbguXyick6LJhpBszxMebJ8syA=="],

    "@typescript/typescript-darwin-x64": ["@typescript/typescript-darwin-x64@7.0.2", "", { "os": "darwin", "cpu": "x64" }, "sha512-SZ9xZInqApNlNGc9s0W1VSsktYSOe9cFqNOIqmN1Gs8SmkjKZYFt017G4VwPxASInODuAdbTW7sXiFUf893RgA=="],

    "@typescript/typescript-freebsd-arm64": ["@typescript/typescript-freebsd-arm64@7.0.2", "", { "os": "freebsd", "cpu": "arm64" }, "sha512-W5NH4y/J0plIIS5b2xvTEkU7JFxyqdMAOgf+Ilhl0vHQXKO5dZoxd+C/jEtq56c4F3wk71RB4BMRQ2XdI+bwYQ=="],

    "@typescript/typescript-freebsd-x64": ["@typescript/typescript-freebsd-x64@7.0.2", "", { "os": "freebsd", "cpu": "x64" }, "sha512-UMGDx5sTpzNw3WiPebH7l90IWfJggEd+egHt/q6p7/Cm3zqoV7VxkGXt+3DxPIw8CcmvAB0j3sVVfbhX+M4Tpw=="],

    "@typescript/typescript-linux-arm": ["@typescript/typescript-linux-arm@7.0.2", "", { "os": "linux", "cpu": "arm" }, "sha512-gffT3xPz9sR7j/YJExkyPntrI0P2EP9XbOyWzth2/Gs0RstK+90RBcO0ncXoXy/beYll1SXw846Nf2zdnEz0QQ=="],

    "@typescript/typescript-linux-arm64": ["@typescript/typescript-linux-arm64@7.0.2", "", { "os": "linux", "cpu": "arm64" }, "sha512-Qh4eU4/y3yDjnfjjyPYihMj5/ODIlmt+Bzu17OI+fiSRDW57QmU5SiN63exPRNJPKUzcc1INa1NXdrJ+MqHjUQ=="],

    "@typescript/typescript-linux-loong64": ["@typescript/typescript-linux-loong64@7.0.2", "", { "os": "linux", "cpu": "none" }, "sha512-uEHck9i8hoAzXPiYRib1O7miOnz23SxIeVl6F4LXox+qov1K35jHcEW6VHKvZI+pyvl7fZEP4MCU5LYvIq1GuQ=="],

    "@typescript/typescript-linux-mips64el": ["@typescript/typescript-linux-mips64el@7.0.2", "", { "os": "linux", "cpu": "none" }, "sha512-R4KvAMnE43W5Qeqb0Ly56O3mWMWIAgsMyz36DCaycd5nbg/9kzm0liw3JocfRqyJY0KPmzFjbswozXyW0DnIYA=="],

    "@typescript/typescript-linux-ppc64": ["@typescript/typescript-linux-ppc64@7.0.2", "", { "os": "linux", "cpu": "ppc64" }, "sha512-DORx5b3sd/4S7eayxm4FQv+A7CrkUIGRaHiwI8oiHTAI1fAPWhF4J0vAlkC8biAlHSVVwxMQ3tjZ2/DVbnQiiA=="],

    "@typescript/typescript-linux-riscv64": ["@typescript/typescript-linux-riscv64@7.0.2", "", { "os": "linux", "cpu": "none" }, "sha512-wf0jqEDOjrPRnKwYRyyJDRo11KMbvMFrU+q4zqKyChODBzvlkbhNQfKvLxQCcwTpdDaXSHZTVuh0JoCrKCUMHQ=="],

    "@typescript/typescript-linux-s390x": ["@typescript/typescript-linux-s390x@7.0.2", "", { "os": "linux", "cpu": "s390x" }, "sha512-IkwJc3L7yhytWd/ewjyxNDfOmswCm9GWMJT/ue/dU4aZNbwZeYAetq42VyLmsmSjvoX7z74X6ZaYCtzAr0EuGw=="],

    "@typescript/typescript-linux-x64": ["@typescript/typescript-linux-x64@7.0.2", "", { "os": "linux", "cpu": "x64" }, "sha512-EYdf2cNg7rgCWJnxCdJ+F3V39O8ihb37eHAu1LK8oAFizgTQbPOK7zHHXbPt8rX24COqODXeI3sIf0fCXG7H/A=="],

    "@typescript/typescript-netbsd-arm64": ["@typescript/typescript-netbsd-arm64@7.0.2", "", { "os": "none", "cpu": "arm64" }, "sha512-+polYF4MF04aPpO5FTkHran9yUQDSXqy5GiSDKpsll5jy3l3+g9QLhpf39T+ePtefhXLOGrLl0QIjkQP6VnelA=="],

    "@typescript/typescript-netbsd-x64": ["@typescript/typescript-netbsd-x64@7.0.2", "", { "os": "none", "cpu": "x64" }, "sha512-8YIT0EHM/3dq10ZOVF/A7pc/YSMtbcecct4rWtexrnSCHOPcpC2KTLXfTCR6vDpnSiY12heNb1GiN/wu+T/FyA=="],

    "@typescript/typescript-openbsd-arm64": ["@typescript/typescript-openbsd-arm64@7.0.2", "", { "os": "openbsd", "cpu": "arm64" }, "sha512-APT8+ClYnuYm1u9+kgGXoMj2VzWzcymwh2gNSQVySHfkRDGOTVkoWLjCmOQSaO+PoqQ57B0flRp9SA+7GnnkzQ=="],

    "@typescript/typescript-openbsd-x64": ["@typescript/typescript-openbsd-x64@7.0.2", "", { "os": "openbsd", "cpu": "x64" }, "sha512-yX7s+Q0Dln0Dt9tEzZsAjXXR/+ytBM7AlglaqyeMPxQszJ1JhlJdZ6jLA+IzldHtflX81em7lDao1xXu+aRRkg=="],

    "@typescript/typescript-sunos-x64": ["@typescript/typescript-sunos-x64@7.0.2", "", { "os": "sunos", "cpu": "x64" }, "sha512-dLJDGaLZ1D4HPQn62u1n8mBDkJREwMsAkCdkwd4Ieqw+x3TUyTsqY0YiBCtE6H6OzzgGk3iuZ3vFWRS+E8/d1g=="],

    "@typescript/typescript-win32-arm64": ["@typescript/typescript-win32-arm64@7.0.2", "", { "os": "win32", "cpu": "arm64" }, "sha512-Gyl1Vy6OsWesLzmq+EP0Fb7b4Nid5232AvcA2SFcdYreldpNtYFFofPjnt62y9hQy7VTaZp65ICJjuAQRaVcIQ=="],

    "@typescript/typescript-win32-x64": ["@typescript/typescript-win32-x64@7.0.2", "", { "os": "win32", "cpu": "x64" }, "sha512-0BQ3HkAHHlKLSp1qRvf3SUhGpGsDuhB/jgFw75guyqbxJqEaS0Cw/VFO8i2nHglJUzQCRtMMR/IBAKE3ETMC4g=="],

    "ajv": ["ajv@8.20.0", "", { "dependencies": { "fast-deep-equal": "^3.1.3", "fast-uri": "^3.0.1", "json-schema-traverse": "^1.0.0", "require-from-string": "^2.0.2" } }, "sha512-Thbli+OlOj+iMPYFBVBfJ3OmCAnaSyNn4M1vz9T6Gka5Jt9ba/HIR56joy65tY6kx/FCF5VXNB819Y7/GUrBGA=="],

    "ansi-regex": ["ansi-regex@6.4.0", "", {}, "sha512-KzTVk2tCWAHtYrvvvaP8bJKJq2pVinhLcGEQdtLIYPbmNGNyYe8QwNaTUYQp2J7/vIsUKt5QCqAfUkYyG9DkOw=="],

    "ansi-styles": ["ansi-styles@6.2.3", "", {}, "sha512-4Dj6M28JB+oAH8kFkTLUo+a2jwOFkuqb3yucU0CANcRRUbxS0cP0nZYCGjcc3BNXwRIsUVmDGgzawme7zvJHvg=="],

    "argparse": ["argparse@2.0.1", "", {}, "sha512-8+9WqebbFzpX9OR+Wa6O29asIogeRMzcGtAINdpMHHyAg10f05aSFVBbcEqGf/PXw1EjAZ+q2/bEBg3DvurK3Q=="],

    "argue-cli": ["argue-cli@3.2.0", "", {}, "sha512-VipTB0gXgGIFO2Rg9yEVN5wLt2AurJcZqDbgmYSwPwsykhLrQhs240/bfceev4w68lI8JshoOJIk9uW7tFzROw=="],

    "boolean": ["boolean@3.2.0", "", {}, "sha512-d0II/GO9uf9lfUHH2BQsjxzRJZBdsjgsBiW4BvhWk/3qoKwQFjIDVN19PfX8F2D/r9PCMTtLWjYVCFrpeYUzsw=="],

    "bun-types": ["bun-types@1.4.2", "", { "dependencies": { "@types/node": "*" } }, "sha512-bxV1FgK7yBIzjRe5zBozIM4Bem11ZJcCXSrjWRG3YWLt8yFDePu4cLjpebO8OvPeIE9trbyPF4fuj3Cia4Fj3w=="],

    "callsites": ["callsites@3.1.0", "", {}, "sha512-P8BjAsXvZS+VIDUI11hHCQEv74YT67YUi5JJFNWIqL235sBmjX4+qx9Muvls5ivyNENctx46xQLQ3aTuE7ssaQ=="],

    "cliui": ["cliui@9.0.1", "", { "dependencies": { "string-width": "^7.2.0", "strip-ansi": "^7.1.0", "wrap-ansi": "^9.0.0" } }, "sha512-k7ndgKhwoQveBL+/1tqGJYNz097I7WOvwbmmU2AR5+magtbjPWQTS1C5vzGkBC8Ym8UWRzfKUzUUqFLypY4Q+w=="],

    "consola": ["consola@3.4.2", "", {}, "sha512-5IKcdX0nnYavi6G7TtOhwkYzyjfJlatbjMjuLSfE2kYT5pMDOilZ4OvMhi637CcDICTmz3wARPoyhqyX1Y+XvA=="],

    "conventional-changelog-angular": ["conventional-changelog-angular@9.4.0", "", { "dependencies": { "@conventional-changelog/template": "^1.4.0" } }, "sha512-HdxRxuS8bBXVIuo4V82gvSwAXT0vYQUizrjs/izmPg5JdDstr8v8I5hduGL3iQbG+o310dUDxC4+LetuS5hu9w=="],

    "conventional-changelog-conventionalcommits": ["conventional-changelog-conventionalcommits@10.4.1", "", { "dependencies": { "@conventional-changelog/template": "^1.4.0" } }, "sha512-jS1LRFSbRoAr6JbhhRy1JYfNNUj5LM3+v49hRE03CgccsiYqgdVj/RTmrw4J1rylrqijHwdOlJWiJa61JHOgHg=="],

    "conventional-commits-parser": ["conventional-commits-parser@7.1.3", "", { "dependencies": { "@simple-libs/stream-utils": "^2.0.0", "argue-cli": "^3.1.0" }, "bin": { "conventional-commits-parser": "./dist/cli/index.js" } }, "sha512-Q9oWm1o9uy/oEsZQIraoFMZ4RuPD+79KgwWj6mJVP356tazolCB0piRLZ5Kz9te9p027uSEcUW+Gu44Eh+X79g=="],

    "cosmiconfig": ["cosmiconfig@9.0.2", "", { "dependencies": { "env-paths": "^2.2.1", "import-fresh": "^3.3.0", "js-yaml": "^4.1.0", "parse-json": "^5.2.0" }, "peerDependencies": { "typescript": ">=4.9.5" }, "optionalPeers": ["typescript"] }, "sha512-gtTZxTDau1wL7Y7zifc2dd8jHSK/k6BTx/2Xp/BpdlAdnlYWFVt7qhJqgwi7637yRwRQ3qL4ZidbB4I8tA5VOg=="],

    "cosmiconfig-typescript-loader": ["cosmiconfig-typescript-loader@6.3.0", "", { "dependencies": { "jiti": "2.6.1" }, "peerDependencies": { "@types/node": "*", "cosmiconfig": ">=9", "typescript": ">=5" } }, "sha512-Akr82WH1Wfqatyiqpj8HDkO2o2KmJRu1FhKfSNJP3K4IdXwHfEyL7MOb62i1AGQVLtIQM+iCE9CGOtrfhR+mmA=="],

    "crossws": ["crossws@0.4.15", "", { "peerDependencies": { "srvx": ">=0.11.5" }, "optionalPeers": ["srvx"] }, "sha512-NsUOpDZosz7nyI+qEIl05yaiXOWaXH2oTeM+XBWtiSWZtb5rzcIsl1AST/HzM2jzUn76eFuyrkn83E6iSBRUvw=="],

    "db0": ["db0@0.4.1", "", {}, "sha512-6RBY/bSn42UrqATwsiULj2uYFyEykB3XeA/NLIVQeHNXlYV6D4Idxx3/aa6k5Y45Dwzx7sygeLotnqHWSeURYA=="],

    "define-data-property": ["define-data-property@1.1.4", "", { "dependencies": { "es-define-property": "^1.0.0", "es-errors": "^1.3.0", "gopd": "^1.0.1" } }, "sha512-rBMvIzlpA8v6E+SJZoo++HAYqsLrkg7MSfIinMPFhmkorw7X+dOXVJQs+QT69zGkzMyfDnIMN2Wid1+NbL3T+A=="],

    "define-properties": ["define-properties@1.2.1", "", { "dependencies": { "define-data-property": "^1.0.1", "has-property-descriptors": "^1.0.0", "object-keys": "^1.1.1" } }, "sha512-8QmQKqEASLd5nx0U1B1okLElbUuuttJ/AnYmRXbbbGDWh6uS208EjD4Xqq/I9wK7u0v6O08XhTWnt5XtEbR6Dg=="],

    "detect-node": ["detect-node@2.1.0", "", {}, "sha512-T0NIuQpnTvFDATNuHN5roPwSBG83rFsuO+MXXH9/3N1eFbn4wcPjttvjMLEPWJ0RGUYgQE7cGgS3tNxbqCGM7g=="],

    "emoji-regex": ["emoji-regex@10.6.0", "", {}, "sha512-toUI84YS5YmxW219erniWD0CIVOo46xGKColeNQRgOzDorgBi1v4D71/OFzgD9GO2UGKIv1C3Sp8DAn0+j5w7A=="],

    "env-paths": ["env-paths@2.2.1", "", {}, "sha512-+h1lkLKhZMTYjog1VEpJNG7NZJWcuc2DDk/qsqSTRRCOXiLjeQ1d1/udrUGhqMxUgAlwKNZ0cf2uqan5GLuS2A=="],

    "env-runner": ["env-runner@0.2.3", "", { "dependencies": { "crossws": "^0.4.12", "exsolve": "^1.1.1", "httpxy": "^0.5.5", "srvx": "^1.0.5" }, "bin": { "env-runner": "./dist/cli.mjs" } }, "sha512-S8EFBKyznRwPVwayK187cYjvnpgC92xy+q0BIF++V965pfjMVVRbQ/HoTYGA/1EHmZ7E68k6Heq+4WnvVhOL5w=="],

    "error-ex": ["error-ex@1.3.4", "", { "dependencies": { "is-arrayish": "^0.2.1" } }, "sha512-sqQamAnR14VgCr1A618A3sGrygcpK+HEbenA/HiEAkkUwcZIIB/tgWqHFxWgOyDh4nB4JCRimh79dR5Ywc9MDQ=="],

    "es-define-property": ["es-define-property@1.0.1", "", {}, "sha512-e3nRfgfUZ4rNGL232gUgX06QNyyez04KdjFrF+LTRoOXmrOgFKDg4BCdsjW8EnT69eqdYGmRpJwiPVYNrCaW3g=="],

    "es-errors": ["es-errors@1.3.0", "", {}, "sha512-Zf5H2Kxt2xjTvbJvP2ZWLEICxA6j+hAmMzIlypy4xcBg1vKVnx89Wy0GbS+kf5cwCVFFzdCFh2XSCFNULS6csw=="],

    "es-toolkit": ["es-toolkit@1.52.0", "", {}, "sha512-XTNEJQh1tY1ZJVcf6ayP/2n4ZPyaHlW2FWs7xvw5ddPuhUVjLD3olQVQS7kf58JbAB48iL0uL/jerTrjtV3lDA=="],

    "es6-error": ["es6-error@4.1.1", "", {}, "sha512-Um/+FxMr9CISWh0bi5Zv0iOD+4cFh5qLeks1qhAopKVAJw3drgKbKySikp7wGhDL0HPeaja0P5ULZrxLkniUVg=="],

    "escalade": ["escalade@3.2.0", "", {}, "sha512-WUj2qlxaQtO4g6Pq5c29GTcWGDyd8itL8zTlipgECz3JesAiiOKotd8JU6otB3PACgG6xkJUyVhboMS+bje/jA=="],

    "escape-string-regexp": ["escape-string-regexp@4.0.0", "", {}, "sha512-TtpcNJ3XAzx3Gq8sWRzJaVajRs0uVxA2YAkdb1jm2YkPz4G6egUFAyA3n5vtEIZefPk5Wa4UXbKuS5fKkJWdgA=="],

    "exsolve": ["exsolve@1.1.3", "", {}, "sha512-kuzL9zherLQoqDeQaS55AiiIg1kb4KYXaSusTtgZTPlvKP2gGCI82LNmBNh5RjDVUXIcmgx+/Mx7vPwRzBbhJA=="],

    "fast-deep-equal": ["fast-deep-equal@3.1.3", "", {}, "sha512-f3qQ9oQy9j2AhBe/H9VC91wLmKBCCU/gDOnKNAYG5hswO7BLKj09Hc5HYNz9cGI++xlpDCIgDaitVs03ATR84Q=="],

    "fast-uri": ["fast-uri@3.1.8", "", {}, "sha512-GZMtZUTNRpOVIECoXwLNZS5xUGE+mVNbTB8h/7Rwh2TFWcBQiPzTgyZi05BF9UMZKkLJv8XBRJTlU7zg8+ZfMg=="],

    "fdir": ["fdir@6.5.0", "", { "peerDependencies": { "picomatch": "^3 || ^4" }, "optionalPeers": ["picomatch"] }, "sha512-tIbYtZbucOs0BRGqPJkshJUYdL+SDH7dVM8gjy+ERp3WAUjLEFJE+02kanyHtwjWOnwrKYBiwAmM0p4kLJAnXg=="],

    "get-caller-file": ["get-caller-file@2.0.5", "", {}, "sha512-DyFP3BM/3YHTQOCUL/w0OZHR0lpKeGrxotcHWcqNEdnltqFwXVfhEBQ94eIo34AfQpo0rGki4cyIiftY06h2Fg=="],

    "get-east-asian-width": ["get-east-asian-width@1.7.0", "", {}, "sha512-XjH1AECxf0giL2V1aU8vKyRR2ppRUb5c0EvT7zuJTokQ74bNo52zOtghqdWIqrhUD79fo3x0WfKZdOqxF6LG1Q=="],

    "global-agent": ["global-agent@3.0.0", "", { "dependencies": { "boolean": "^3.0.1", "es6-error": "^4.1.1", "matcher": "^3.0.0", "roarr": "^2.15.3", "semver": "^7.3.2", "serialize-error": "^7.0.1" } }, "sha512-PT6XReJ+D07JvGoxQMkT6qji/jVNfX/h364XHZOWeRzy64sSFr+xJ5OX7LI3b4MPQzdL4H8Y8M0xzPpsVMwA8Q=="],

    "global-directory": ["global-directory@5.0.0", "", { "dependencies": { "ini": "6.0.0" } }, "sha512-1pgFdhK3J2LeM+dVf2Pd424yHx2ou338lC0ErNP2hPx4j8eW1Sp0XqSjNxtk6Tc4Kr5wlWtSvz8cn2yb7/SG/w=="],

    "globalthis": ["globalthis@1.0.4", "", { "dependencies": { "define-properties": "^1.2.1", "gopd": "^1.0.1" } }, "sha512-DpLKbNU4WylpxJykQujfCcwYWiV/Jhm50Goo0wrVILAv5jOr9d+H+UR3PhSCD2rCCEIg0uc+G+muBTwD54JhDQ=="],

    "gopd": ["gopd@1.2.0", "", {}, "sha512-ZUKRh6/kUFoAiTAtTYPZJ3hw9wNxx+BIBOijnlG9PnrJsCcSjs1wyyD6vJpaYtgnzDrKYRSqf3OO6Rfa93xsRg=="],

    "h3": ["h3@2.0.2", "", { "dependencies": { "rou3": "^1.0.0", "srvx": "^1.0.5" }, "peerDependencies": { "crossws": "^0.4.12", "ocache": ">=0.3.0" }, "optionalPeers": ["crossws", "ocache"], "bin": { "h3": "./bin/h3.mjs" } }, "sha512-+/zvHSNldYpNURuUUG+y1KzdASUhNnSd1VpqxYFVY40ov3YzuBnCETaUQaT+QbKkoxhh9LRa6AEQdB14LALwdA=="],

    "h3-mcp": ["h3-mcp@0.2.0", "", { "peerDependencies": { "h3": "^2.0.1-rc.27" } }, "sha512-E75sg5luZAqT9VZcw0avrWB0qpoNbd5IxCswV83cUI2lLMLqhscFcN3fecAir98tTEFFEHzxIisNwGBSD8yy2A=="],

    "has-property-descriptors": ["has-property-descriptors@1.0.2", "", { "dependencies": { "es-define-property": "^1.0.0" } }, "sha512-55JNKuIW+vq4Ke1BjOTjM2YctQIvCT7GFzHwmfZPGo5wnrgkid0YQtnAleFSqumZm4az3n2BS+erby5ipJdgrg=="],

    "hookable": ["hookable@6.1.2", "", {}, "sha512-+abwxtiEA52GCVIsQqut3S/uKTbUwYIp4Pe/vv+6py5XiXBCqMZHg6pA6Y5qhgLSEys0/cYuPbO0z1QFj5ZCmg=="],

    "httpxy": ["httpxy@0.5.5", "", {}, "sha512-uDjmnPyp1q4Sgzf3w+J/Fc6UqcCEj0x4Wjp7OqK5dGhNeDgpyrAmnS6ey8QWrX3SWDon2DMKf9sBa5X9+CVyMA=="],

    "husky": ["husky@9.1.7", "", { "bin": { "husky": "bin.js" } }, "sha512-5gs5ytaNjBrh5Ow3zrvdUUY+0VxIuWVL4i9irt6friV+BqdCfmV11CQTWMiBYWHbXhco+J1kHfTOUkePhCDvMA=="],

    "import-fresh": ["import-fresh@3.3.1", "", { "dependencies": { "parent-module": "^1.0.0", "resolve-from": "^4.0.0" } }, "sha512-TR3KfrTZTYLPB6jUjfx6MF9WcWrHL9su5TObK4ZkYgBdWKPOFoSoQIdEuTuR82pmtxH2spWG9h6etwfr1pLBqQ=="],

    "ini": ["ini@6.0.0", "", {}, "sha512-IBTdIkzZNOpqm7q3dRqJvMaldXjDHWkEDfrwGEQTs5eaQMWV+djAhR+wahyNNMAa+qpbDUhBMVt4ZKNwpPm7xQ=="],

    "is-arrayish": ["is-arrayish@0.2.1", "", {}, "sha512-zz06S8t0ozoDXMG+ube26zeCTNXcKIPJZJi8hBrF4idCLms4CG9QtK7qBl1boi5ODzFpjswb5JPmHCbMpjaYzg=="],

    "is-plain-obj": ["is-plain-obj@4.1.0", "", {}, "sha512-+Pgi+vMuUNkJyExiMBt5IlFoMyKnr5zhJ4Uspz58WOhBF5QoIZkFyNHIbBAtHwzVAgk5RtndVNsDRN61/mmDqg=="],

    "jiti": ["jiti@2.6.1", "", { "bin": { "jiti": "lib/jiti-cli.mjs" } }, "sha512-ekilCSN1jwRvIbgeg/57YFh8qQDNbwDb9xT/qu2DAHbFFZUicIl4ygVaAvzveMhMVr3LnpSKTNnwt8PoOfmKhQ=="],

    "jose": ["jose@6.2.12", "", {}, "sha512-9NiFmJEex0sy2Dk58j2UGBSHgUs2ypF9eZSu4L6vjOX3Dp96Sw1F3uL+H+D1sx02jZZdzUT0HgvCy59CuvXcWw=="],

    "js-tokens": ["js-tokens@4.0.0", "", {}, "sha512-RdJUflcE3cUzKiMqQgsCu06FPu9UdIJO0beYbPhHN4k6apgJtifcoCtT9bcxOpYBtpD2kCM6Sbzg4CausW/PKQ=="],

    "js-yaml": ["js-yaml@4.3.2", "", { "dependencies": { "argparse": "^2.0.1" }, "bin": { "js-yaml": "bin/js-yaml.js" } }, "sha512-SFNOvSJ+Dgf/9An904Yx+CgSlIPCkIpao4qo51lpee25TIRejdH3rhR4EZMGoNx3/TP3O+wzWuiTFl4sqbltzA=="],

    "json-parse-even-better-errors": ["json-parse-even-better-errors@2.3.1", "", {}, "sha512-xyFwyhro/JEof6Ghe2iz2NcXoj2sloNsWr/XsERDK/oiPCfaNhl5ONfp+jQdAZRQQ0IJWNzH9zIZF7li91kh2w=="],

    "json-schema-traverse": ["json-schema-traverse@1.0.0", "", {}, "sha512-NM8/P9n3XjXhIZn1lLhkFaACTOURQXjWhV4BA/RnOv8xvgqtqpAX9IO4mRQxSx1Rlo4tqzeqb0sOlruaOy3dug=="],

    "json-stringify-safe": ["json-stringify-safe@5.0.1", "", {}, "sha512-ZClg6AaYvamvYEE82d3Iyd3vSSIjQ+odgjaTzRuO3s7toCdFKczob2i0zCh7JE8kWn17yvAWhUVxvqGwUalsRA=="],

    "lines-and-columns": ["lines-and-columns@1.2.4", "", {}, "sha512-7ylylesZQ/PV29jhEDl3Ufjo6ZX7gCqJr5F7PKrqc93v7fzSymt1BpwEU8nAUXs8qzzvqhbjhK5QZg6Mt/HkBg=="],

    "matcher": ["matcher@3.0.0", "", { "dependencies": { "escape-string-regexp": "^4.0.0" } }, "sha512-OkeDaAZ/bQCxeFAozM55PKcKU0yJMPGifLwV4Qgjitu+5MoAfSQN4lsLJeXZ1b8w0x+/Emda6MZgXS1jvsapng=="],

    "nf3": ["nf3@0.3.24", "", {}, "sha512-HxLK4bo+5jNsEETZp4w3tJblHOA9MCBY14IN9nZJJV8JDxt9yNIYxuBuLMjTAR5GFa3HL61+8VQDUrXv3/C8fw=="],

    "nitro": ["nitro@3.0.260903-beta", "", { "dependencies": { "consola": "^3.4.2", "crossws": "^0.4.12", "db0": "^0.4.1", "env-runner": "^0.2.1", "h3": "^2.0.1-rc.31", "hookable": "^6.1.1", "nf3": "^0.3.24", "ocache": "^0.3.0", "rolldown": "^1.2.7", "rou3": "^0.9.2", "srvx": "^1.0.3", "unenv": "^2.0.0-rc.24", "unstorage": "^2.0.0-alpha.10" }, "bin": { "nitro": "dist/cli/index.mjs" } }, "sha512-54gANPi62O8rfMvepiJUVuIzEIinYfpeHbebywlLxvVTgIYXDwSvpaU9Id+0sJOBjBx0wC1/CVYXJkH7SY+l0g=="],

    "nitro-mcp-toolkit": ["nitro-mcp-toolkit@0.4.0", "", { "dependencies": { "h3-mcp": "0.2.0", "jose": "^6.2.12", "pathe": "^2.0.3", "tinyglobby": "^0.2.17" }, "peerDependencies": { "@modelcontextprotocol/client": "^2.0.0", "h3": "^2.0.1-rc.27", "nitro": "3.0.260610-beta || ^3.0.0" }, "optionalPeers": ["@modelcontextprotocol/client", "nitro"] }, "sha512-0rWzKHpEKYRTqXgJxWNdQyCX61H76rrV+ol8glCEcXsMgVFPV9Ug44vLlrcA/vCqdO2Zq614lfoKWvdujx8YqA=="],

    "object-keys": ["object-keys@1.1.1", "", {}, "sha512-NuAESUOUMrlIXOfHKzD6bpPu3tYt3xvjNdRIQ+FeT0lNb4K8WR70CaDxhuNguS2XG+GjkyMwOzsN5ZktImfhLA=="],

    "ocache": ["ocache@0.3.0", "", {}, "sha512-RS/9P0zeBb0gDJmadGERLH8lZNXK7xbufTDhclkXGvFGTsj0G4M5/cLk+mizcERH29mLXNnocfB5wjcK70wGJg=="],

    "oxfmt": ["oxfmt@0.72.0", "", { "dependencies": { "tinypool": "2.2.0" }, "optionalDependencies": { "@oxfmt/binding-android-arm-eabi": "0.72.0", "@oxfmt/binding-android-arm64": "0.72.0", "@oxfmt/binding-darwin-arm64": "0.72.0", "@oxfmt/binding-darwin-x64": "0.72.0", "@oxfmt/binding-freebsd-x64": "0.72.0", "@oxfmt/binding-linux-arm-gnueabihf": "0.72.0", "@oxfmt/binding-linux-arm-musleabihf": "0.72.0", "@oxfmt/binding-linux-arm64-gnu": "0.72.0", "@oxfmt/binding-linux-arm64-musl": "0.72.0", "@oxfmt/binding-linux-ppc64-gnu": "0.72.0", "@oxfmt/binding-linux-riscv64-gnu": "0.72.0", "@oxfmt/binding-linux-riscv64-musl": "0.72.0", "@oxfmt/binding-linux-s390x-gnu": "0.72.0", "@oxfmt/binding-linux-x64-gnu": "0.72.0", "@oxfmt/binding-linux-x64-musl": "0.72.0", "@oxfmt/binding-openharmony-arm64": "0.72.0", "@oxfmt/binding-win32-arm64-msvc": "0.72.0", "@oxfmt/binding-win32-ia32-msvc": "0.72.0", "@oxfmt/binding-win32-x64-msvc": "0.72.0" }, "peerDependencies": { "svelte": "^5.0.0", "vite-plus": "*" }, "optionalPeers": ["svelte", "vite-plus"], "bin": { "oxfmt": "bin/oxfmt" } }, "sha512-16OQeL0uhPZbfmT9S9WWM0Nv9+BmVi8Ra1uTYaSKj/qSCs6FB30KOhz9JoNYw6thT+K5bVxsk/tSEOu497i34g=="],

    "oxlint": ["oxlint@1.87.0", "", { "optionalDependencies": { "@oxlint/binding-android-arm-eabi": "1.87.0", "@oxlint/binding-android-arm64": "1.87.0", "@oxlint/binding-darwin-arm64": "1.87.0", "@oxlint/binding-darwin-x64": "1.87.0", "@oxlint/binding-freebsd-x64": "1.87.0", "@oxlint/binding-linux-arm-gnueabihf": "1.87.0", "@oxlint/binding-linux-arm-musleabihf": "1.87.0", "@oxlint/binding-linux-arm64-gnu": "1.87.0", "@oxlint/binding-linux-arm64-musl": "1.87.0", "@oxlint/binding-linux-ppc64-gnu": "1.87.0", "@oxlint/binding-linux-riscv64-gnu": "1.87.0", "@oxlint/binding-linux-riscv64-musl": "1.87.0", "@oxlint/binding-linux-s390x-gnu": "1.87.0", "@oxlint/binding-linux-x64-gnu": "1.87.0", "@oxlint/binding-linux-x64-musl": "1.87.0", "@oxlint/binding-openharmony-arm64": "1.87.0", "@oxlint/binding-win32-arm64-msvc": "1.87.0", "@oxlint/binding-win32-ia32-msvc": "1.87.0", "@oxlint/binding-win32-x64-msvc": "1.87.0" }, "peerDependencies": { "oxlint-tsgolint": ">=7.0.2003", "vite-plus": "*" }, "optionalPeers": ["oxlint-tsgolint", "vite-plus"], "bin": { "oxlint": "bin/oxlint" } }, "sha512-drxVlaW7Oqq7wSy1CN25znRu00aRq8n57Q2wniJRxCmtYVz07ufCm7EVDPQFZURrTgQIjzKrVEHAD/HcvJXObg=="],

    "parent-module": ["parent-module@1.0.1", "", { "dependencies": { "callsites": "^3.0.0" } }, "sha512-GQ2EWRpQV8/o+Aw8YqtfZZPfNRWZYkbidE9k5rpl/hC3vtHHBfGm2Ifi6qWV+coDGkrUKZAxE3Lot5kcsRlh+g=="],

    "parse-json": ["parse-json@5.2.0", "", { "dependencies": { "@babel/code-frame": "^7.0.0", "error-ex": "^1.3.1", "json-parse-even-better-errors": "^2.3.0", "lines-and-columns": "^1.1.6" } }, "sha512-ayCKvm/phCGxOkYRSCM82iDwct8/EonSEgCSxWxD7ve6jHggsFl4fZVQBPRNgQoKiuV/odhFrGzQXZwbifC8Rg=="],

    "pathe": ["pathe@2.0.3", "", {}, "sha512-WUjGcAqP1gQacoQe+OBJsFA7Ld4DyXuUIjZ5cc75cLHvJ7dtNsTugphxIADwspS+AraAUePCKrSVtPLFj/F88w=="],

    "picocolors": ["picocolors@1.1.1", "", {}, "sha512-xceH2snhtb5M9liqDsmEw56le376mTZkEX/jEb/RxNFyegNul7eNslCXP9FDj/Lcu0X8KEyMceP2ntpaHrDEVA=="],

    "picomatch": ["picomatch@4.0.7", "", {}, "sha512-qcJu88Q2IWqJsDD529JKMdwGm/dvInW4HvQnRwiH9JtihJvzGOscDtHE3x1pBKeUOTysQ8kVmLnJ2kJu7yhcGA=="],

    "require-from-string": ["require-from-string@2.0.2", "", {}, "sha512-Xf0nWe6RseziFMu+Ap9biiUbmplq6S9/p+7w7YXP/JBHhrUDDUhwa+vANyubuqfZWTveU//DYVGsDG7RKL/vEw=="],

    "resolve-from": ["resolve-from@5.0.0", "", {}, "sha512-qYg9KP24dD5qka9J47d0aVky0N+b4fTU89LN9iDnjB5waksiC49rvMB0PrUJQGoTmH50XPiqOvAjDfaijGxYZw=="],

    "roarr": ["roarr@2.15.4", "", { "dependencies": { "boolean": "^3.0.1", "detect-node": "^2.0.4", "globalthis": "^1.0.1", "json-stringify-safe": "^5.0.1", "semver-compare": "^1.0.0", "sprintf-js": "^1.1.2" } }, "sha512-CHhPh+UNHD2GTXNYhPWLnU8ONHdI+5DI+4EYIAOaiD63rHeYlZvyh8P+in5999TTSFgUYuKUAjzRI4mdh/p+2A=="],

    "rolldown": ["rolldown@1.2.12", "", { "dependencies": { "@oxc-project/types": "=0.152.0", "@rolldown/pluginutils": "^1.0.0" }, "optionalDependencies": { "@rolldown/binding-android-arm-eabi": "1.2.12", "@rolldown/binding-android-arm64": "1.2.12", "@rolldown/binding-darwin-arm64": "1.2.12", "@rolldown/binding-darwin-x64": "1.2.12", "@rolldown/binding-freebsd-x64": "1.2.12", "@rolldown/binding-linux-arm-gnueabihf": "1.2.12", "@rolldown/binding-linux-arm64-gnu": "1.2.12", "@rolldown/binding-linux-arm64-musl": "1.2.12", "@rolldown/binding-linux-ppc64-gnu": "1.2.12", "@rolldown/binding-linux-s390x-gnu": "1.2.12", "@rolldown/binding-linux-x64-gnu": "1.2.12", "@rolldown/binding-linux-x64-musl": "1.2.12", "@rolldown/binding-openharmony-arm64": "1.2.12", "@rolldown/binding-win32-arm64-msvc": "1.2.12", "@rolldown/binding-win32-x64-msvc": "1.2.12" }, "bin": { "rolldown": "./bin/cli.mjs" } }, "sha512-8wafseiaG80xmXSfqidUNqZcylTlhmPZZt+za2m+js2sFZ8dTNlhIOV2WcbIPx2hgwPBJpEUGFAMZ9bgBBLTSQ=="],

    "rou3": ["rou3@0.9.2", "", {}, "sha512-3SOzvaAg8rkHrXtRjpCvCvbyO5to9oOO27Z/XqHEYXfMRVSw/qMIVdmaOk9W2lcRLtR6dlqTjo9hDeJk70QBYQ=="],

    "semver": ["semver@7.8.5", "", { "bin": { "semver": "bin/semver.js" } }, "sha512-Y7/KDsb8LjooZpwaqGyulO6DQlksgCncchHGk+sZIY4SBvUocMBEFH5Ur1fI4dV+Jvl0w6cjvucaIi40puRioA=="],

    "semver-compare": ["semver-compare@1.0.0", "", {}, "sha512-YM3/ITh2MJ5MtzaM429anh+x2jiLVjqILF4m4oyQB18W7Ggea7BfqdH/wGMK7dDiMghv/6WG7znWMwUDzJiXow=="],

    "serialize-error": ["serialize-error@7.0.1", "", { "dependencies": { "type-fest": "^0.13.1" } }, "sha512-8I8TjW5KMOKsZQTvoxjuSIa7foAwPWGOts+6o7sgjz41/qMD9VQHEDxi6PBvK2l0MXUmqZyNpUK+T2tQaaElvw=="],

    "sprintf-js": ["sprintf-js@1.1.3", "", {}, "sha512-Oo+0REFV59/rz3gfJNKQiBlwfHaSESl1pcGyABQsnnIfWOFt6JNj5gCog2U6MLZ//IGYD+nA8nI+mTShREReaA=="],

    "srvx": ["srvx@1.0.5", "", { "bin": { "srvx": "./bin/srvx.mjs" } }, "sha512-KvSKRpgPG/oaq3cyT614OQ2bAa7DynuGamivCZeoZzIUULOdbQz6wUtnnVuC4+DCx2Zglzo8v5gBYmWIWYhDxA=="],

    "string-width": ["string-width@8.3.0", "", { "dependencies": { "get-east-asian-width": "^1.5.0", "strip-ansi": "^7.1.2" } }, "sha512-ZbmZM0JCihQN91dWnxoipT2KOEyHqEyfRXUyjuRhW8b/xnqPDoq4gWEVApTVa9db2wN8mmoikgFBbjh71+cGeQ=="],

    "strip-ansi": ["strip-ansi@7.2.0", "", { "dependencies": { "ansi-regex": "^6.2.2" } }, "sha512-yDPMNjp4WyfYBkHnjIRLfca1i6KMyGCtsVgoKe/z1+6vukgaENdgGBZt+ZmKPc4gavvEZ5OgHfHdrazhgNyG7w=="],

    "tinyexec": ["tinyexec@1.3.1", "", {}, "sha512-GCvB3aoys96IuDFBMcTB46JOR6mdMtAToqwiW8JlWhsoh1mhHi/xn9ss/Dg7N555GiJyEt2qzoG/NHCwM6h1EA=="],

    "tinyglobby": ["tinyglobby@0.2.17", "", { "dependencies": { "fdir": "^6.5.0", "picomatch": "^4.0.4" } }, "sha512-wXR/dYpcqKmfWpEdZjiKJOwCNFndD0DMnrW/cYjVGttEkBfVgcLFHoNrlj47mjOVic9yyNu65alsgF4NQyTa2g=="],

    "tinypool": ["tinypool@2.2.0", "", {}, "sha512-jBrmx4lYmaC9k/mgPbylxs7kBUxHtD8256up+HjLaDFfXScKJQyil+SWXSvhAtT7XHo+yTVlpB81PGmHP8oLSQ=="],

    "type-fest": ["type-fest@0.13.1", "", {}, "sha512-34R7HTnG0XIJcBSn5XhDd7nNFPRcXYRZrBB2O2jdKqYODldSzBAqzsWoZYYvduky73toYS/ESqxPvkDf/F0XMg=="],

    "typescript": ["typescript@7.0.2", "", { "optionalDependencies": { "@typescript/typescript-aix-ppc64": "7.0.2", "@typescript/typescript-darwin-arm64": "7.0.2", "@typescript/typescript-darwin-x64": "7.0.2", "@typescript/typescript-freebsd-arm64": "7.0.2", "@typescript/typescript-freebsd-x64": "7.0.2", "@typescript/typescript-linux-arm": "7.0.2", "@typescript/typescript-linux-arm64": "7.0.2", "@typescript/typescript-linux-loong64": "7.0.2", "@typescript/typescript-linux-mips64el": "7.0.2", "@typescript/typescript-linux-ppc64": "7.0.2", "@typescript/typescript-linux-riscv64": "7.0.2", "@typescript/typescript-linux-s390x": "7.0.2", "@typescript/typescript-linux-x64": "7.0.2", "@typescript/typescript-netbsd-arm64": "7.0.2", "@typescript/typescript-netbsd-x64": "7.0.2", "@typescript/typescript-openbsd-arm64": "7.0.2", "@typescript/typescript-openbsd-x64": "7.0.2", "@typescript/typescript-sunos-x64": "7.0.2", "@typescript/typescript-win32-arm64": "7.0.2", "@typescript/typescript-win32-x64": "7.0.2" }, "bin": { "tsc": "bin/tsc" } }, "sha512-8FYau96o3NKOhbjKi/qNvG/W5jhzxkbdm5sj9AbZ/5T5sWqn3hJgLfGx27sRKZWTvyzCP8dLRBTf5tBTSRVUNA=="],

    "undici": ["undici@6.29.0", "", {}, "sha512-R+RODBqp6i2pPflGdq+xIOUkl+RNfGgHwoinecKu/JCuf2uO06cOKoDbI2P7Dn6KcswdKwrczbU6IYJ6K8X+wg=="],

    "undici-types": ["undici-types@8.9.0", "", {}, "sha512-KTDyRTYX8sWmKXAikPHHSyc63CRPETMctyjKFupcC6OBLXT3xsN0e9aF7m+mIXutFWpUXuedtowG7iLOzp0kQg=="],

    "unenv": ["unenv@2.0.0-rc.24", "", { "dependencies": { "pathe": "^2.0.3" } }, "sha512-i7qRCmY42zmCwnYlh9H2SvLEypEFGye5iRmEMKjcGi7zk9UquigRjFtTLz0TYqr0ZGLZhaMHl/foy1bZR+Cwlw=="],

    "unstorage": ["unstorage@2.0.0-alpha.10", "", {}, "sha512-6h1veZp8gnp4dGllf0tDijoXxDYymJu251IpKKkrSVH+QHL6tXFbwG85KM+CBHSgpkkgtPuIiZ9oLCLP5+1Evw=="],

    "verkit": ["verkit@0.5.0", "", {}, "sha512-u4J1hr6Y+C/hit34GwL3eIcUf3wngT8TlYUjK7tk0jxydKLAq3sYvifjdTDA6U3KCKRcQCQDGf/srjxfZF3l7g=="],

    "wrap-ansi": ["wrap-ansi@9.0.2", "", { "dependencies": { "ansi-styles": "^6.2.1", "string-width": "^7.0.0", "strip-ansi": "^7.1.0" } }, "sha512-42AtmgqjV+X1VpdOfyTGOYRi0/zsoLqtXQckTmqTeybT+BDIbM/Guxo7x3pE2vtpr1ok6xRqM9OpBe+Jyoqyww=="],

    "y18n": ["y18n@5.0.8", "", {}, "sha512-0pfFzegeDWJHJIAmTLRP2DwHjdF5s7jo9tuztdQxAhINCdvS+3nGINqPd00AphqJR/0LhANUS6/+7SCb98YOfA=="],

    "yargs": ["yargs@18.2.0", "", { "dependencies": { "cliui": "^9.0.1", "escalade": "^3.1.1", "get-caller-file": "^2.0.5", "string-width": "^8.2.1", "y18n": "^5.0.5", "yargs-parser": "^22.0.0" } }, "sha512-9OpKOLeaoNFecEp7P6iYbzze/5CqWoH7N3SMs/6y1XF4nMvFMspEGZzJ6uFi9MmQwXhyzqYoSEKO3tvA3Z/o2w=="],

    "yargs-parser": ["yargs-parser@22.0.0", "", {}, "sha512-rwu/ClNdSMpkSrUb+d6BRsSkLUq1fmfsY6TOpYzTwvwkg1/NRG85KBy3kq++A8LKQwX6lsu+aWad+2khvuXrqw=="],

    "yocto-spinner": ["yocto-spinner@1.2.2", "", { "dependencies": { "yoctocolors": "^2.1.1" } }, "sha512-DODGl1wJjA/s5pnJFKau9lIYHT81lnhob1i3e1TjxZRxEhWRKl74nTbWE6H5KlkViQQTo/Z29YFdxzTZAMY3ng=="],

    "yoctocolors": ["yoctocolors@2.2.0", "", {}, "sha512-xYqdZFUK/VYazNl/oCDYN+3WloWQwMfZxBoiNt6qNyk+xfOdi598muWE42rNZFp1kNOiqW936q5RhUdnpqElSg=="],

    "zod": ["zod@4.6.5", "", {}, "sha512-v5l/aFXZQeai4awLbOpSoHecE9UiMrnfx75tEXLjNonXVARxQ5mOeipTjROUchszUNCqnE+hqAMujRsRHsut2Q=="],

    "cliui/string-width": ["string-width@7.2.0", "", { "dependencies": { "emoji-regex": "^10.3.0", "get-east-asian-width": "^1.0.0", "strip-ansi": "^7.1.0" } }, "sha512-tsaTIkKW9b4N+AEj+SVA+WhJzV7/zMhcSu78mLKWSk7cXMOSHsBKFWUs0fWwq8QyK3MgJBQRX6Gbi4kYbdvGkQ=="],

    "h3/rou3": ["rou3@1.0.0", "", {}, "sha512-ySeaQkSrua+ut9g+65I7FHqOFBaY8tV0FmccXItoq0q21se32Q3u4YiW7/RqXSosWgYJaaKwRHXy3BST9PeCNQ=="],

    "import-fresh/resolve-from": ["resolve-from@4.0.0", "", {}, "sha512-pb/MYmXstAkysRFx8piNI1tGFNQIFA3vkE3Gq4EuA1dF6gHp/+vgZqsCGJapvy8N3Q+4o7FwvquPJcnZ7RYy4g=="],

    "wrap-ansi/string-width": ["string-width@7.2.0", "", { "dependencies": { "emoji-regex": "^10.3.0", "get-east-asian-width": "^1.0.0", "strip-ansi": "^7.1.0" } }, "sha512-tsaTIkKW9b4N+AEj+SVA+WhJzV7/zMhcSu78mLKWSk7cXMOSHsBKFWUs0fWwq8QyK3MgJBQRX6Gbi4kYbdvGkQ=="],
  }
}
